// !$*UTF8*$!
{
	archiveVersion = 1;
	classes = {
	};
	objectVersion = 46;
	objects = {

/* Begin PBXBuildFile section */
		B68B55AF1803B9E000B66CDE /* Foundation.framework in Frameworks */ = {isa = PBXBuildFile; fileRef = B68B55AE1803B9E000B66CDE /* Foundation.framework */; };
		B68B55B11803B9E000B66CDE /* CoreGraphics.framework in Frameworks */ = {isa = PBXBuildFile; fileRef = B68B55B01803B9E000B66CDE /* CoreGraphics.framework */; };
		B68B55B31803B9E000B66CDE /* UIKit.framework in Frameworks */ = {isa = PBXBuildFile; fileRef = B68B55B21803B9E000B66CDE /* UIKit.framework */; };
		B68B55B91803B9E000B66CDE /* InfoPlist.strings in Resources */ = {isa = PBXBuildFile; fileRef = B68B55B71803B9E000B66CDE /* InfoPlist.strings */; };
		B68B55BB1803B9E000B66CDE /* main.m in Sources */ = {isa = PBXBuildFile; fileRef = B68B55BA1803B9E000B66CDE /* main.m */; };
		B68B55BF1803B9E000B66CDE /* AppDelegate.m in Sources */ = {isa = PBXBuildFile; fileRef = B68B55BE1803B9E000B66CDE /* AppDelegate.m */; };
		B68B55C21803B9E000B66CDE /* Main.storyboard in Resources */ = {isa = PBXBuildFile; fileRef = B68B55C01803B9E000B66CDE /* Main.storyboard */; };
		B68B55C51803B9E000B66CDE /* MasterViewController.m in Sources */ = {isa = PBXBuildFile; fileRef = B68B55C41803B9E000B66CDE /* MasterViewController.m */; };
		B68B55C81803B9E000B66CDE /* DetailViewController.m in Sources */ = {isa = PBXBuildFile; fileRef = B68B55C71803B9E000B66CDE /* DetailViewController.m */; };
		B68B55CA1803B9E000B66CDE /* Images.xcassets in Resources */ = {isa = PBXBuildFile; fileRef = B68B55C91803B9E000B66CDE /* Images.xcassets */; };
		B68B55D11803B9E000B66CDE /* XCTest.framework in Frameworks */ = {isa = PBXBuildFile; fileRef = B68B55D01803B9E000B66CDE /* XCTest.framework */; };
		B68B55D21803B9E000B66CDE /* Foundation.framework in Frameworks */ = {isa = PBXBuildFile; fileRef = B68B55AE1803B9E000B66CDE /* Foundation.framework */; };
		B68B55D31803B9E000B66CDE /* UIKit.framework in Frameworks */ = {isa = PBXBuildFile; fileRef = B68B55B21803B9E000B66CDE /* UIKit.framework */; };
		B68B55DB1803B9E000B66CDE /* InfoPlist.strings in Resources */ = {isa = PBXBuildFile; fileRef = B68B55D91803B9E000B66CDE /* InfoPlist.strings */; };
		B68B55DD1803B9E000B66CDE /* BlogReaderTests.m in Sources */ = {isa = PBXBuildFile; fileRef = B68B55DC1803B9E000B66CDE /* BlogReaderTests.m */; };
/* End PBXBuildFile section */

/* Begin PBXContainerItemProxy section */
		B68B55D41803B9E000B66CDE /* PBXContainerItemProxy */ = {
			isa = PBXContainerItemProxy;
			containerPortal = B68B55A31803B9E000B66CDE /* Project object */;
			proxyType = 1;
			remoteGlobalIDString = B68B55AA1803B9E000B66CDE;
			remoteInfo = BlogReader;
		};
/* End PBXContainerItemProxy section */

/* Begin PBXFileReference section */
		B68B55AB1803B9E000B66CDE /* BlogReader.app */ = {isa = PBXFileReference; explicitFileType = wrapper.application; includeInIndex = 0; path = BlogReader.app; sourceTree = BUILT_PRODUCTS_DIR; };
		B68B55AE1803B9E000B66CDE /* Foundation.framework */ = {isa = PBXFileReference; lastKnownFileType = wrapper.framework; name = Foundation.framework; path = System/Library/Frameworks/Foundation.framework; sourceTree = SDKROOT; };
		B68B55B01803B9E000B66CDE /* CoreGraphics.framework */ = {isa = PBXFileReference; lastKnownFileType = wrapper.framework; name = CoreGraphics.framework; path = System/Library/Frameworks/CoreGraphics.framework; sourceTree = SDKROOT; };
		B68B55B21803B9E000B66CDE /* UIKit.framework */ = {isa = PBXFileReference; lastKnownFileType = wrapper.framework; name = UIKit.framework; path = System/Library/Frameworks/UIKit.framework; sourceTree = SDKROOT; };
		B68B55B61803B9E000B66CDE /* BlogReader-Info.plist */ = {isa = PBXFileReference; lastKnownFileType = text.plist.xml; path = "BlogReader-Info.plist"; sourceTree = "<group>"; };
		B68B55B81803B9E000B66CDE /* en */ = {isa = PBXFileReference; lastKnownFileType = text.plist.strings; name = en; path = en.lproj/InfoPlist.strings; sourceTree = "<group>"; };
		B68B55BA1803B9E000B66CDE /* main.m */ = {isa = PBXFileReference; lastKnownFileType = sourcecode.c.objc; path = main.m; sourceTree = "<group>"; };
		B68B55BC1803B9E000B66CDE /* BlogReader-Prefix.pch */ = {isa = PBXFileReference; lastKnownFileType = sourcecode.c.h; path = "BlogReader-Prefix.pch"; sourceTree = "<group>"; };
		B68B55BD1803B9E000B66CDE /* AppDelegate.h */ = {isa = PBXFileReference; lastKnownFileType = sourcecode.c.h; path = AppDelegate.h; sourceTree = "<group>"; };
		B68B55BE1803B9E000B66CDE /* AppDelegate.m */ = {isa = PBXFileReference; lastKnownFileType = sourcecode.c.objc; path = AppDelegate.m; sourceTree = "<group>"; };
		B68B55C11803B9E000B66CDE /* Base */ = {isa = PBXFileReference; lastKnownFileType = file.storyboard; name = Base; path = Base.lproj/Main.storyboard; sourceTree = "<group>"; };
		B68B55C31803B9E000B66CDE /* MasterViewController.h */ = {isa = PBXFileReference; lastKnownFileType = sourcecode.c.h; path = MasterViewController.h; sourceTree = "<group>"; };
		B68B55C41803B9E000B66CDE /* MasterViewController.m */ = {isa = PBXFileReference; lastKnownFileType = sourcecode.c.objc; path = MasterViewController.m; sourceTree = "<group>"; };
		B68B55C61803B9E000B66CDE /* DetailViewController.h */ = {isa = PBXFileReference; lastKnownFileType = sourcecode.c.h; path = DetailViewController.h; sourceTree = "<group>"; };
		B68B55C71803B9E000B66CDE /* DetailViewController.m */ = {isa = PBXFileReference; lastKnownFileType = sourcecode.c.objc; path = DetailViewController.m; sourceTree = "<group>"; };
		B68B55C91803B9E000B66CDE /* Images.xcassets */ = {isa = PBXFileReference; lastKnownFileType = folder.assetcatalog; path = Images.xcassets; sourceTree = "<group>"; };
		B68B55CF1803B9E000B66CDE /* BlogReaderTests.xctest */ = {isa = PBXFileReference; explicitFileType = wrapper.cfbundle; includeInIndex = 0; path = BlogReaderTests.xctest; sourceTree = BUILT_PRODUCTS_DIR; };
		B68B55D01803B9E000B66CDE /* XCTest.framework */ = {isa = PBXFileReference; lastKnownFileType = wrapper.framework; name = XCTest.framework; path = Library/Frameworks/XCTest.framework; sourceTree = DEVELOPER_DIR; };
		B68B55D81803B9E000B66CDE /* BlogReaderTests-Info.plist */ = {isa = PBXFileReference; lastKnownFileType = text.plist.xml; path = "BlogReaderTests-Info.plist"; sourceTree = "<group>"; };
		B68B55DA1803B9E000B66CDE /* en */ = {isa = PBXFileReference; lastKnownFileType = text.plist.strings; name = en; path = en.lproj/InfoPlist.strings; sourceTree = "<group>"; };
		B68B55DC1803B9E000B66CDE /* BlogReaderTests.m */ = {isa = PBXFileReference; lastKnownFileType = sourcecode.c.objc; path = BlogReaderTests.m; sourceTree = "<group>"; };
/* End PBXFileReference section */

/* Begin PBXFrameworksBuildPhase section */
		B68B55A81803B9E000B66CDE /* Frameworks */ = {
			isa = PBXFrameworksBuildPhase;
			buildActionMask = 2147483647;
			files = (
				B68B55B11803B9E000B66CDE /* CoreGraphics.framework in Frameworks */,
				B68B55B31803B9E000B66CDE /* UIKit.framework in Frameworks */,
				B68B55AF1803B9E000B66CDE /* Foundation.framework in Frameworks */,
			);
			runOnlyForDeploymentPostprocessing = 0;
		};
		B68B55CC1803B9E000B66CDE /* Frameworks */ = {
			isa = PBXFrameworksBuildPhase;
			buildActionMask = 2147483647;
			files = (
				B68B55D11803B9E000B66CDE /* XCTest.framework in Frameworks */,
				B68B55D31803B9E000B66CDE /* UIKit.framework in Frameworks */,
				B68B55D21803B9E000B66CDE /* Foundation.framework in Frameworks */,
			);
			runOnlyForDeploymentPostprocessing = 0;
		};
/* End PBXFrameworksBuildPhase section */

/* Begin PBXGroup section */
		B68B55A21803B9E000B66CDE = {
			isa = PBXGroup;
			children = (
				B68B55B41803B9E000B66CDE /* BlogReader */,
				B68B55D61803B9E000B66CDE /* BlogReaderTests */,
				B68B55AD1803B9E000B66CDE /* Frameworks */,
				B68B55AC1803B9E000B66CDE /* Products */,
			);
			sourceTree = "<group>";
		};
		B68B55AC1803B9E000B66CDE /* Products */ = {
			isa = PBXGroup;
			children = (
				B68B55AB1803B9E000B66CDE /* BlogReader.app */,
				B68B55CF1803B9E000B66CDE /* BlogReaderTests.xctest */,
			);
			name = Products;
			sourceTree = "<group>";
		};
		B68B55AD1803B9E000B66CDE /* Frameworks */ = {
			isa = PBXGroup;
			children = (
				B68B55AE1803B9E000B66CDE /* Foundation.framework */,
				B68B55B01803B9E000B66CDE /* CoreGraphics.framework */,
				B68B55B21803B9E000B66CDE /* UIKit.framework */,
				B68B55D01803B9E000B66CDE /* XCTest.framework */,
			);
			name = Frameworks;
			sourceTree = "<group>";
		};
		B68B55B41803B9E000B66CDE /* BlogReader */ = {
			isa = PBXGroup;
			children = (
				B68B55BD1803B9E000B66CDE /* AppDelegate.h */,
				B68B55BE1803B9E000B66CDE /* AppDelegate.m */,
				B68B55C01803B9E000B66CDE /* Main.storyboard */,
				B68B55C31803B9E000B66CDE /* MasterViewController.h */,
				B68B55C41803B9E000B66CDE /* MasterViewController.m */,
				B68B55C61803B9E000B66CDE /* DetailViewController.h */,
				B68B55C71803B9E000B66CDE /* DetailViewController.m */,
				B68B55C91803B9E000B66CDE /* Images.xcassets */,
				B68B55B51803B9E000B66CDE /* Supporting Files */,
			);
			path = BlogReader;
			sourceTree = "<group>";
		};
		B68B55B51803B9E000B66CDE /* Supporting Files */ = {
			isa = PBXGroup;
			children = (
				B68B55B61803B9E000B66CDE /* BlogReader-Info.plist */,
				B68B55B71803B9E000B66CDE /* InfoPlist.strings */,
				B68B55BA1803B9E000B66CDE /* main.m */,
				B68B55BC1803B9E000B66CDE /* BlogReader-Prefix.pch */,
			);
			name = "Supporting Files";
			sourceTree = "<group>";
		};
		B68B55D61803B9E000B66CDE /* BlogReaderTests */ = {
			isa = PBXGroup;
			children = (
				B68B55DC1803B9E000B66CDE /* BlogReaderTests.m */,
				B68B55D71803B9E000B66CDE /* Supporting Files */,
			);
			path = BlogReaderTests;
			sourceTree = "<group>";
		};
		B68B55D71803B9E000B66CDE /* Supporting Files */ = {
			isa = PBXGroup;
			children = (
				B68B55D81803B9E000B66CDE /* BlogReaderTests-Info.plist */,
				B68B55D91803B9E000B66CDE /* InfoPlist.strings */,
			);
			name = "Supporting Files";
			sourceTree = "<group>";
		};
/* End PBXGroup section */

/* Begin PBXNativeTarget section */
		B68B55AA1803B9E000B66CDE /* BlogReader */ = {
			isa = PBXNativeTarget;
			buildConfigurationList = B68B55E01803B9E000B66CDE /* Build configuration list for PBXNativeTarget "BlogReader" */;
			buildPhases = (
				B68B55A71803B9E000B66CDE /* Sources */,
				B68B55A81803B9E000B66CDE /* Frameworks */,
				B68B55A91803B9E000B66CDE /* Resources */,
			);
			buildRules = (
			);
			dependencies = (
			);
			name = BlogReader;
			productName = BlogReader;
			productReference = B68B55AB1803B9E000B66CDE /* BlogReader.app */;
			productType = "com.apple.product-type.application";
		};
		B68B55CE1803B9E000B66CDE /* BlogReaderTests */ = {
			isa = PBXNativeTarget;
			buildConfigurationList = B68B55E31803B9E000B66CDE /* Build configuration list for PBXNativeTarget "BlogReaderTests" */;
			buildPhases = (
				B68B55CB1803B9E000B66CDE /* Sources */,
				B68B55CC1803B9E000B66CDE /* Frameworks */,
				B68B55CD1803B9E000B66CDE /* Resources */,
			);
			buildRules = (
			);
			dependencies = (
				B68B55D51803B9E000B66CDE /* PBXTargetDependency */,
			);
			name = BlogReaderTests;
			productName = BlogReaderTests;
			productReference = B68B55CF1803B9E000B66CDE /* BlogReaderTests.xctest */;
			productType = "com.apple.product-type.bundle.unit-test";
		};
/* End PBXNativeTarget section */

/* Begin PBXProject section */
		B68B55A31803B9E000B66CDE /* Project object */ = {
			isa = PBXProject;
			attributes = {
				LastUpgradeCheck = 0500;
				ORGANIZATIONNAME = cmu;
				TargetAttributes = {
					B68B55CE1803B9E000B66CDE = {
						TestTargetID = B68B55AA1803B9E000B66CDE;
					};
				};
			};
			buildConfigurationList = B68B55A61803B9E000B66CDE /* Build configuration list for PBXProject "BlogReader" */;
			compatibilityVersion = "Xcode 3.2";
			developmentRegion = English;
			hasScannedForEncodings = 0;
			knownRegions = (
				en,
				Base,
			);
			mainGroup = B68B55A21803B9E000B66CDE;
			productRefGroup = B68B55AC1803B9E000B66CDE /* Products */;
			projectDirPath = "";
			projectRoot = "";
			targets = (
				B68B55AA1803B9E000B66CDE /* BlogReader */,
				B68B55CE1803B9E000B66CDE /* BlogReaderTests */,
			);
		};
/* End PBXProject section */

/* Begin PBXResourcesBuildPhase section */
		B68B55A91803B9E000B66CDE /* Resources */ = {
			isa = PBXResourcesBuildPhase;
			buildActionMask = 2147483647;
			files = (
				B68B55CA1803B9E000B66CDE /* Images.xcassets in Resources */,
				B68B55B91803B9E000B66CDE /* InfoPlist.strings in Resources */,
				B68B55C21803B9E000B66CDE /* Main.storyboard in Resources */,
			);
			runOnlyForDeploymentPostprocessing = 0;
		};
		B68B55CD1803B9E000B66CDE /* Resources */ = {
			isa = PBXResourcesBuildPhase;
			buildActionMask = 2147483647;
			files = (
				B68B55DB1803B9E000B66CDE /* InfoPlist.strings in Resources */,
			);
			runOnlyForDeploymentPostprocessing = 0;
		};
/* End PBXResourcesBuildPhase section */

/* Begin PBXSourcesBuildPhase section */
		B68B55A71803B9E000B66CDE /* Sources */ = {
			isa = PBXSourcesBuildPhase;
			buildActionMask = 2147483647;
			files = (
				B68B55BF1803B9E000B66CDE /* AppDelegate.m in Sources */,
				B68B55C51803B9E000B66CDE /* MasterViewController.m in Sources */,
				B68B55BB1803B9E000B66CDE /* main.m in Sources */,
				B68B55C81803B9E000B66CDE /* DetailViewController.m in Sources */,
			);
			runOnlyForDeploymentPostprocessing = 0;
		};
		B68B55CB1803B9E000B66CDE /* Sources */ = {
			isa = PBXSourcesBuildPhase;
			buildActionMask = 2147483647;
			files = (
				B68B55DD1803B9E000B66CDE /* BlogReaderTests.m in Sources */,
			);
			runOnlyForDeploymentPostprocessing = 0;
		};
/* End PBXSourcesBuildPhase section */

/* Begin PBXTargetDependency section */
		B68B55D51803B9E000B66CDE /* PBXTargetDependency */ = {
			isa = PBXTargetDependency;
			target = B68B55AA1803B9E000B66CDE /* BlogReader */;
			targetProxy = B68B55D41803B9E000B66CDE /* PBXContainerItemProxy */;
		};
/* End PBXTargetDependency section */

/* Begin PBXVariantGroup section */
		B68B55B71803B9E000B66CDE /* InfoPlist.strings */ = {
			isa = PBXVariantGroup;
			children = (
				B68B55B81803B9E000B66CDE /* en */,
			);
			name = InfoPlist.strings;
			sourceTree = "<group>";
		};
		B68B55C01803B9E000B66CDE /* Main.storyboard */ = {
			isa = PBXVariantGroup;
			children = (
				B68B55C11803B9E000B66CDE /* Base */,
			);
			name = Main.storyboard;
			sourceTree = "<group>";
		};
		B68B55D91803B9E000B66CDE /* InfoPlist.strings */ = {
			isa = PBXVariantGroup;
			children = (
				B68B55DA1803B9E000B66CDE /* en */,
			);
			name = InfoPlist.strings;
			sourceTree = "<group>";
		};
/* End PBXVariantGroup section */

/* Begin XCBuildConfiguration section */
		B68B55DE1803B9E000B66CDE /* Debug */ = {
			isa = XCBuildConfiguration;
			buildSettings = {
				ALWAYS_SEARCH_USER_PATHS = NO;
				ARCHS = "$(ARCHS_STANDARD_INCLUDING_64_BIT)";
				CLANG_CXX_LANGUAGE_STANDARD = "gnu++0x";
				CLANG_CXX_LIBRARY = "libc++";
				CLANG_ENABLE_MODULES = YES;
				CLANG_ENABLE_OBJC_ARC = YES;
				CLANG_WARN_BOOL_CONVERSION = YES;
				CLANG_WARN_CONSTANT_CONVERSION = YES;
				CLANG_WARN_DIRECT_OBJC_ISA_USAGE = YES_ERROR;
				CLANG_WARN_EMPTY_BODY = YES;
				CLANG_WARN_ENUM_CONVERSION = YES;
				CLANG_WARN_INT_CONVERSION = YES;
				CLANG_WARN_OBJC_ROOT_CLASS = YES_ERROR;
				CLANG_WARN__DUPLICATE_METHOD_MATCH = YES;
				"CODE_SIGN_IDENTITY[sdk=iphoneos*]" = "iPhone Developer";
				COPY_PHASE_STRIP = NO;
				GCC_C_LANGUAGE_STANDARD = gnu99;
				GCC_DYNAMIC_NO_PIC = NO;
				GCC_OPTIMIZATION_LEVEL = 0;
				GCC_PREPROCESSOR_DEFINITIONS = (
					"DEBUG=1",
					"$(inherited)",
				);
				GCC_SYMBOLS_PRIVATE_EXTERN = NO;
				GCC_WARN_64_TO_32_BIT_CONVERSION = YES;
				GCC_WARN_ABOUT_RETURN_TYPE = YES_ERROR;
				GCC_WARN_UNDECLARED_SELECTOR = YES;
				GCC_WARN_UNINITIALIZED_AUTOS = YES;
				GCC_WARN_UNUSED_FUNCTION = YES;
				GCC_WARN_UNUSED_VARIABLE = YES;
				IPHONEOS_DEPLOYMENT_TARGET = 7.0;
				ONLY_ACTIVE_ARCH = YES;
				SDKROOT = iphoneos;
			};
			name = Debug;
		};
		B68B55DF1803B9E000B66CDE /* Release */ = {
			isa = XCBuildConfiguration;
			buildSettings = {
				ALWAYS_SEARCH_USER_PATHS = NO;
				ARCHS = "$(ARCHS_STANDARD_INCLUDING_64_BIT)";
				CLANG_CXX_LANGUAGE_STANDARD = "gnu++0x";
				CLANG_CXX_LIBRARY = "libc++";
				CLANG_ENABLE_MODULES = YES;
				CLANG_ENABLE_OBJC_ARC = YES;
				CLANG_WARN_BOOL_CONVERSION = YES;
				CLANG_WARN_CONSTANT_CONVERSION = YES;
				CLANG_WARN_DIRECT_OBJC_ISA_USAGE = YES_ERROR;
				CLANG_WARN_EMPTY_BODY = YES;
				CLANG_WARN_ENUM_CONVERSION = YES;
				CLANG_WARN_INT_CONVERSION = YES;
				CLANG_WARN_OBJC_ROOT_CLASS = YES_ERROR;
				CLANG_WARN__DUPLICATE_METHOD_MATCH = YES;
				"CODE_SIGN_IDENTITY[sdk=iphoneos*]" = "iPhone Developer";
				COPY_PHASE_STRIP = YES;
				ENABLE_NS_ASSERTIONS = NO;
				GCC_C_LANGUAGE_STANDARD = gnu99;
				GCC_WARN_64_TO_32_BIT_CONVERSION = YES;
				GCC_WARN_ABOUT_RETURN_TYPE = YES_ERROR;
				GCC_WARN_UNDECLARED_SELECTOR = YES;
				GCC_WARN_UNINITIALIZED_AUTOS = YES;
				GCC_WARN_UNUSED_FUNCTION = YES;
				GCC_WARN_UNUSED_VARIABLE = YES;
				IPHONEOS_DEPLOYMENT_TARGET = 7.0;
				SDKROOT = iphoneos;
				VALIDATE_PRODUCT = YES;
			};
			name = Release;
		};
		B68B55E11803B9E000B66CDE /* Debug */ = {
			isa = XCBuildConfiguration;
			buildSettings = {
				ASSETCATALOG_COMPILER_APPICON_NAME = AppIcon;
				ASSETCATALOG_COMPILER_LAUNCHIMAGE_NAME = LaunchImage;
				GCC_PRECOMPILE_PREFIX_HEADER = YES;
				GCC_PREFIX_HEADER = "BlogReader/BlogReader-Prefix.pch";
				INFOPLIST_FILE = "BlogReader/BlogReader-Info.plist";
				PRODUCT_NAME = "$(TARGET_NAME)";
				WRAPPER_EXTENSION = app;
			};
			name = Debug;
		};
		B68B55E21803B9E000B66CDE /* Release */ = {
			isa = XCBuildConfiguration;
			buildSettings = {
				ASSETCATALOG_COMPILER_APPICON_NAME = AppIcon;
				ASSETCATALOG_COMPILER_LAUNCHIMAGE_NAME = LaunchImage;
				GCC_PRECOMPILE_PREFIX_HEADER = YES;
				GCC_PREFIX_HEADER = "BlogReader/BlogReader-Prefix.pch";
				INFOPLIST_FILE = "BlogReader/BlogReader-Info.plist";
				PRODUCT_NAME = "$(TARGET_NAME)";
				WRAPPER_EXTENSION = app;
			};
			name = Release;
		};
		B68B55E41803B9E000B66CDE /* Debug */ = {
			isa = XCBuildConfiguration;
			buildSettings = {
				ARCHS = "$(ARCHS_STANDARD_INCLUDING_64_BIT)";
				BUNDLE_LOADER = "$(BUILT_PRODUCTS_DIR)/BlogReader.app/BlogReader";
				FRAMEWORK_SEARCH_PATHS = (
					"$(SDKROOT)/Developer/Library/Frameworks",
					"$(inherited)",
					"$(DEVELOPER_FRAMEWORKS_DIR)",
				);
				GCC_PRECOMPILE_PREFIX_HEADER = YES;
				GCC_PREFIX_HEADER = "BlogReader/BlogReader-Prefix.pch";
				GCC_PREPROCESSOR_DEFINITIONS = (
					"DEBUG=1",
					"$(inherited)",
				);
				INFOPLIST_FILE = "BlogReaderTests/BlogReaderTests-Info.plist";
				PRODUCT_NAME = "$(TARGET_NAME)";
				TEST_HOST = "$(BUNDLE_LOADER)";
				WRAPPER_EXTENSION = xctest;
			};
			name = Debug;
		};
		B68B55E51803B9E000B66CDE /* Release */ = {
			isa = XCBuildConfiguration;
			buildSettings = {
				ARCHS = "$(ARCHS_STANDARD_INCLUDING_64_BIT)";
				BUNDLE_LOADER = "$(BUILT_PRODUCTS_DIR)/BlogReader.app/BlogReader";
				FRAMEWORK_SEARCH_PATHS = (
					"$(SDKROOT)/Developer/Library/Frameworks",
					"$(inherited)",
					"$(DEVELOPER_FRAMEWORKS_DIR)",
				);
				GCC_PRECOMPILE_PREFIX_HEADER = YES;
				GCC_PREFIX_HEADER = "BlogReader/BlogReader-Prefix.pch";
				INFOPLIST_FILE = "BlogReaderTests/BlogReaderTests-Info.plist";
				PRODUCT_NAME = "$(TARGET_NAME)";
				TEST_HOST = "$(BUNDLE_LOADER)";
				WRAPPER_EXTENSION = xctest;
			};
			name = Release;
		};
/* End XCBuildConfiguration section */

/* Begin XCConfigurationList section */
		B68B55A61803B9E000B66CDE /* Build configuration list for PBXProject "BlogReader" */ = {
			isa = XCConfigurationList;
			buildConfigurations = (
				B68B55DE1803B9E000B66CDE /* Debug */,
				B68B55DF1803B9E000B66CDE /* Release */,
			);
			defaultConfigurationIsVisible = 0;
			defaultConfigurationName = Release;
		};
		B68B55E01803B9E000B66CDE /* Build configuration list for PBXNativeTarget "BlogReader" */ = {
			isa = XCConfigurationList;
			buildConfigurations = (
				B68B55E11803B9E000B66CDE /* Debug */,
				B68B55E21803B9E000B66CDE /* Release */,
			);
			defaultConfigurationIsVisible = 0;
		};
		B68B55E31803B9E000B66CDE /* Build configuration list for PBXNativeTarget "BlogReaderTests" */ = {
			isa = XCConfigurationList;
			buildConfigurations = (
				B68B55E41803B9E000B66CDE /* Debug */,
				B68B55E51803B9E000B66CDE /* Release */,
			);
			defaultConfigurationIsVisible = 0;
		};
/* End XCConfigurationList section */
	};
	rootObject = B68B55A31803B9E000B66CDE /* Project object */;
}
